
Microsoft Visual Studio Solution File, Format Version 12.00
# Visual Studio Version 16
VisualStudioVersion = 16.0.31112.23
MinimumVisualStudioVersion = 10.0.40219.1
Project("{FAE04EC0-301F-11D3-BF4B-00C04F79EFBC}") = "DelegateDemoBook", "DelegateDemoBook\DelegateDemoBook.csproj", "{708B03AB-E80C-4772-AA50-17DB85F002FF}"
EndProject
Global
	GlobalSection(SolutionConfigurationPlatforms) = preSolution
		Debug|Any CPU = Debug|Any CPU
		Release|Any CPU = Release|Any CPU
	EndGlobalSection
	GlobalSection(ProjectConfigurationPlatforms) = postSolution
		{708B03AB-E80C-4772-AA50-17DB85F002FF}.Debug|Any CPU.ActiveCfg = Debug|Any CPU
		{708B03AB-E80C-4772-AA50-17DB85F002FF}.Debug|Any CPU.Build.0 = Debug|Any CPU
		{708B03AB-E80C-4772-AA50-17DB85F002FF}.Release|Any CPU.ActiveCfg = Release|Any CPU
		{708B03AB-E80C-4772-AA50-17DB85F002FF}.Release|Any CPU.Build.0 = Release|Any CPU
	EndGlobalSection
	GlobalSection(SolutionProperties) = preSolution
		HideSolutionNode = FALSE
	EndGlobalSection
	GlobalSection(ExtensibilityGlobals) = postSolution
		SolutionGuid = {64BF3228-1EC8-4F66-AD2D-128E82F5BD62}
	EndGlobalSection
EndGlobal
